
Microsoft Visual Studio Solution File, Format Version 12.00
# Visual Studio Version 17
VisualStudioVersion = 17.13.35931.197 d17.13
MinimumVisualStudioVersion = 10.0.40219.1
Project("{FAE04EC0-301F-11D3-BF4B-00C04F79EFBC}") = "Primer proyecto en C#", "Primer proyecto en C#.csproj", "{B46D83A3-1C92-4BAE-878A-26800AFD7E0E}"
EndProject
Global
	GlobalSection(SolutionConfigurationPlatforms) = preSolution
		Debug|Any CPU = Debug|Any CPU
		Release|Any CPU = Release|Any CPU
	EndGlobalSection
	GlobalSection(ProjectConfigurationPlatforms) = postSolution
		{B46D83A3-1C92-4BAE-878A-26800AFD7E0E}.Debug|Any CPU.ActiveCfg = Debug|Any CPU
		{B46D83A3-1C92-4BAE-878A-26800AFD7E0E}.Debug|Any CPU.Build.0 = Debug|Any CPU
		{B46D83A3-1C92-4BAE-878A-26800AFD7E0E}.Release|Any CPU.ActiveCfg = Release|Any CPU
		{B46D83A3-1C92-4BAE-878A-26800AFD7E0E}.Release|Any CPU.Build.0 = Release|Any CPU
	EndGlobalSection
	GlobalSection(SolutionProperties) = preSolution
		HideSolutionNode = FALSE
	EndGlobalSection
	GlobalSection(ExtensibilityGlobals) = postSolution
		SolutionGuid = {1B56BA46-04D0-4D59-A232-CB5977E58DE8}
	EndGlobalSection
EndGlobal
